// !$*UTF8*$!
{
	archiveVersion = 1;
	classes = {
	};
	objectVersion = 46;
	objects = {

/* Begin PBXBuildFile section */
		260BB8F31C4BCA36007AEAB1 /* AppDelegate.swift in Sources */ = {isa = PBXBuildFile; fileRef = 260BB8F21C4BCA36007AEAB1 /* AppDelegate.swift */; };
		260BB8F51C4BCA36007AEAB1 /* ViewController.swift in Sources */ = {isa = PBXBuildFile; fileRef = 260BB8F41C4BCA36007AEAB1 /* ViewController.swift */; };
		260BB8F81C4BCA36007AEAB1 /* Main.storyboard in Resources */ = {isa = PBXBuildFile; fileRef = 260BB8F61C4BCA36007AEAB1 /* Main.storyboard */; };
		260BB8FA1C4BCA36007AEAB1 /* Assets.xcassets in Resources */ = {isa = PBXBuildFile; fileRef = 260BB8F91C4BCA36007AEAB1 /* Assets.xcassets */; };
		260BB8FD1C4BCA36007AEAB1 /* LaunchScreen.storyboard in Resources */ = {isa = PBXBuildFile; fileRef = 260BB8FB1C4BCA36007AEAB1 /* LaunchScreen.storyboard */; };
		260BB9081C4BCA36007AEAB1 /* pixelxTests.swift in Sources */ = {isa = PBXBuildFile; fileRef = 260BB9071C4BCA36007AEAB1 /* pixelxTests.swift */; };
		260BB9131C4BCA36007AEAB1 /* pixelxUITests.swift in Sources */ = {isa = PBXBuildFile; fileRef = 260BB9121C4BCA36007AEAB1 /* pixelxUITests.swift */; };
/* End PBXBuildFile section */

/* Begin PBXContainerItemProxy section */
		260BB9041C4BCA36007AEAB1 /* PBXContainerItemProxy */ = {
			isa = PBXContainerItemProxy;
			containerPortal = 260BB8E71C4BCA36007AEAB1 /* Project object */;
			proxyType = 1;
			remoteGlobalIDString = 260BB8EE1C4BCA36007AEAB1;
			remoteInfo = pixelx;
		};
		260BB90F1C4BCA36007AEAB1 /* PBXContainerItemProxy */ = {
			isa = PBXContainerItemProxy;
			containerPortal = 260BB8E71C4BCA36007AEAB1 /* Project object */;
			proxyType = 1;
			remoteGlobalIDString = 260BB8EE1C4BCA36007AEAB1;
			remoteInfo = pixelx;
		};
/* End PBXContainerItemProxy section */

/* Begin PBXFileReference section */
		260BB8EF1C4BCA36007AEAB1 /* pixelx.app */ = {isa = PBXFileReference; explicitFileType = wrapper.application; includeInIndex = 0; path = pixelx.app; sourceTree = BUILT_PRODUCTS_DIR; };
		260BB8F21C4BCA36007AEAB1 /* AppDelegate.swift */ = {isa = PBXFileReference; lastKnownFileType = sourcecode.swift; path = AppDelegate.swift; sourceTree = "<group>"; };
		260BB8F41C4BCA36007AEAB1 /* ViewController.swift */ = {isa = PBXFileReference; lastKnownFileType = sourcecode.swift; path = ViewController.swift; sourceTree = "<group>"; };
		260BB8F71C4BCA36007AEAB1 /* Base */ = {isa = PBXFileReference; lastKnownFileType = file.storyboard; name = Base; path = Base.lproj/Main.storyboard; sourceTree = "<group>"; };
		260BB8F91C4BCA36007AEAB1 /* Assets.xcassets */ = {isa = PBXFileReference; lastKnownFileType = folder.assetcatalog; path = Assets.xcassets; sourceTree = "<group>"; };
		260BB8FC1C4BCA36007AEAB1 /* Base */ = {isa = PBXFileReference; lastKnownFileType = file.storyboard; name = Base; path = Base.lproj/LaunchScreen.storyboard; sourceTree = "<group>"; };
		260BB8FE1C4BCA36007AEAB1 /* Info.plist */ = {isa = PBXFileReference; lastKnownFileType = text.plist.xml; path = Info.plist; sourceTree = "<group>"; };
		260BB9031C4BCA36007AEAB1 /* pixelxTests.xctest */ = {isa = PBXFileReference; explicitFileType = wrapper.cfbundle; includeInIndex = 0; path = pixelxTests.xctest; sourceTree = BUILT_PRODUCTS_DIR; };
		260BB9071C4BCA36007AEAB1 /* pixelxTests.swift */ = {isa = PBXFileReference; lastKnownFileType = sourcecode.swift; path = pixelxTests.swift; sourceTree = "<group>"; };
		260BB9091C4BCA36007AEAB1 /* Info.plist */ = {isa = PBXFileReference; lastKnownFileType = text.plist.xml; path = Info.plist; sourceTree = "<group>"; };
		260BB90E1C4BCA36007AEAB1 /* pixelxUITests.xctest */ = {isa = PBXFileReference; explicitFileType = wrapper.cfbundle; includeInIndex = 0; path = pixelxUITests.xctest; sourceTree = BUILT_PRODUCTS_DIR; };
		260BB9121C4BCA36007AEAB1 /* pixelxUITests.swift */ = {isa = PBXFileReference; lastKnownFileType = sourcecode.swift; path = pixelxUITests.swift; sourceTree = "<group>"; };
		260BB9141C4BCA36007AEAB1 /* Info.plist */ = {isa = PBXFileReference; lastKnownFileType = text.plist.xml; path = Info.plist; sourceTree = "<group>"; };
/* End PBXFileReference section */

/* Begin PBXFrameworksBuildPhase section */
		260BB8EC1C4BCA36007AEAB1 /* Frameworks */ = {
			isa = PBXFrameworksBuildPhase;
			buildActionMask = 2147483647;
			files = (
			);
			runOnlyForDeploymentPostprocessing = 0;
		};
		260BB9001C4BCA36007AEAB1 /* Frameworks */ = {
			isa = PBXFrameworksBuildPhase;
			buildActionMask = 2147483647;
			files = (
			);
			runOnlyForDeploymentPostprocessing = 0;
		};
		260BB90B1C4BCA36007AEAB1 /* Frameworks */ = {
			isa = PBXFrameworksBuildPhase;
			buildActionMask = 2147483647;
			files = (
			);
			runOnlyForDeploymentPostprocessing = 0;
		};
/* End PBXFrameworksBuildPhase section */

/* Begin PBXGroup section */
		260BB8E61C4BCA36007AEAB1 = {
			isa = PBXGroup;
			children = (
				260BB8F11C4BCA36007AEAB1 /* pixelx */,
				260BB9061C4BCA36007AEAB1 /* pixelxTests */,
				260BB9111C4BCA36007AEAB1 /* pixelxUITests */,
				260BB8F01C4BCA36007AEAB1 /* Products */,
			);
			sourceTree = "<group>";
		};
		260BB8F01C4BCA36007AEAB1 /* Products */ = {
			isa = PBXGroup;
			children = (
				260BB8EF1C4BCA36007AEAB1 /* pixelx.app */,
				260BB9031C4BCA36007AEAB1 /* pixelxTests.xctest */,
				260BB90E1C4BCA36007AEAB1 /* pixelxUITests.xctest */,
			);
			name = Products;
			sourceTree = "<group>";
		};
		260BB8F11C4BCA36007AEAB1 /* pixelx */ = {
			isa = PBXGroup;
			children = (
				260BB8F21C4BCA36007AEAB1 /* AppDelegate.swift */,
				260BB8F41C4BCA36007AEAB1 /* ViewController.swift */,
				260BB8F61C4BCA36007AEAB1 /* Main.storyboard */,
				260BB8F91C4BCA36007AEAB1 /* Assets.xcassets */,
				260BB8FB1C4BCA36007AEAB1 /* LaunchScreen.storyboard */,
				260BB8FE1C4BCA36007AEAB1 /* Info.plist */,
			);
			path = pixelx;
			sourceTree = "<group>";
		};
		260BB9061C4BCA36007AEAB1 /* pixelxTests */ = {
			isa = PBXGroup;
			children = (
				260BB9071C4BCA36007AEAB1 /* pixelxTests.swift */,
				260BB9091C4BCA36007AEAB1 /* Info.plist */,
			);
			path = pixelxTests;
			sourceTree = "<group>";
		};
		260BB9111C4BCA36007AEAB1 /* pixelxUITests */ = {
			isa = PBXGroup;
			children = (
				260BB9121C4BCA36007AEAB1 /* pixelxUITests.swift */,
				260BB9141C4BCA36007AEAB1 /* Info.plist */,
			);
			path = pixelxUITests;
			sourceTree = "<group>";
		};
/* End PBXGroup section */

/* Begin PBXNativeTarget section */
		260BB8EE1C4BCA36007AEAB1 /* pixelx */ = {
			isa = PBXNativeTarget;
			buildConfigurationList = 260BB9171C4BCA36007AEAB1 /* Build configuration list for PBXNativeTarget "pixelx" */;
			buildPhases = (
				260BB8EB1C4BCA36007AEAB1 /* Sources */,
				260BB8EC1C4BCA36007AEAB1 /* Frameworks */,
				260BB8ED1C4BCA36007AEAB1 /* Resources */,
			);
			buildRules = (
			);
			dependencies = (
			);
			name = pixelx;
			productName = pixelx;
			productReference = 260BB8EF1C4BCA36007AEAB1 /* pixelx.app */;
			productType = "com.apple.product-type.application";
		};
		260BB9021C4BCA36007AEAB1 /* pixelxTests */ = {
			isa = PBXNativeTarget;
			buildConfigurationList = 260BB91A1C4BCA36007AEAB1 /* Build configuration list for PBXNativeTarget "pixelxTests" */;
			buildPhases = (
				260BB8FF1C4BCA36007AEAB1 /* Sources */,
				260BB9001C4BCA36007AEAB1 /* Frameworks */,
				260BB9011C4BCA36007AEAB1 /* Resources */,
			);
			buildRules = (
			);
			dependencies = (
				260BB9051C4BCA36007AEAB1 /* PBXTargetDependency */,
			);
			name = pixelxTests;
			productName = pixelxTests;
			productReference = 260BB9031C4BCA36007AEAB1 /* pixelxTests.xctest */;
			productType = "com.apple.product-type.bundle.unit-test";
		};
		260BB90D1C4BCA36007AEAB1 /* pixelxUITests */ = {
			isa = PBXNativeTarget;
			buildConfigurationList = 260BB91D1C4BCA36007AEAB1 /* Build configuration list for PBXNativeTarget "pixelxUITests" */;
			buildPhases = (
				260BB90A1C4BCA36007AEAB1 /* Sources */,
				260BB90B1C4BCA36007AEAB1 /* Frameworks */,
				260BB90C1C4BCA36007AEAB1 /* Resources */,
			);
			buildRules = (
			);
			dependencies = (
				260BB9101C4BCA36007AEAB1 /* PBXTargetDependency */,
			);
			name = pixelxUITests;
			productName = pixelxUITests;
			productReference = 260BB90E1C4BCA36007AEAB1 /* pixelxUITests.xctest */;
			productType = "com.apple.product-type.bundle.ui-testing";
		};
/* End PBXNativeTarget section */

/* Begin PBXProject section */
		260BB8E71C4BCA36007AEAB1 /* Project object */ = {
			isa = PBXProject;
			attributes = {
				LastSwiftUpdateCheck = 0710;
				LastUpgradeCheck = 0710;
				ORGANIZATIONNAME = vinova;
				TargetAttributes = {
					260BB8EE1C4BCA36007AEAB1 = {
						CreatedOnToolsVersion = 7.1.1;
					};
					260BB9021C4BCA36007AEAB1 = {
						CreatedOnToolsVersion = 7.1.1;
						TestTargetID = 260BB8EE1C4BCA36007AEAB1;
					};
					260BB90D1C4BCA36007AEAB1 = {
						CreatedOnToolsVersion = 7.1.1;
						TestTargetID = 260BB8EE1C4BCA36007AEAB1;
					};
				};
			};
			buildConfigurationList = 260BB8EA1C4BCA36007AEAB1 /* Build configuration list for PBXProject "pixelx" */;
			compatibilityVersion = "Xcode 3.2";
			developmentRegion = English;
			hasScannedForEncodings = 0;
			knownRegions = (
				en,
				Base,
			);
			mainGroup = 260BB8E61C4BCA36007AEAB1;
			productRefGroup = 260BB8F01C4BCA36007AEAB1 /* Products */;
			projectDirPath = "";
			projectRoot = "";
			targets = (
				260BB8EE1C4BCA36007AEAB1 /* pixelx */,
				260BB9021C4BCA36007AEAB1 /* pixelxTests */,
				260BB90D1C4BCA36007AEAB1 /* pixelxUITests */,
			);
		};
/* End PBXProject section */

/* Begin PBXResourcesBuildPhase section */
		260BB8ED1C4BCA36007AEAB1 /* Resources */ = {
			isa = PBXResourcesBuildPhase;
			buildActionMask = 2147483647;
			files = (
				260BB8FD1C4BCA36007AEAB1 /* LaunchScreen.storyboard in Resources */,
				260BB8FA1C4BCA36007AEAB1 /* Assets.xcassets in Resources */,
				260BB8F81C4BCA36007AEAB1 /* Main.storyboard in Resources */,
			);
			runOnlyForDeploymentPostprocessing = 0;
		};
		260BB9011C4BCA36007AEAB1 /* Resources */ = {
			isa = PBXResourcesBuildPhase;
			buildActionMask = 2147483647;
			files = (
			);
			runOnlyForDeploymentPostprocessing = 0;
		};
		260BB90C1C4BCA36007AEAB1 /* Resources */ = {
			isa = PBXResourcesBuildPhase;
			buildActionMask = 2147483647;
			files = (
			);
			runOnlyForDeploymentPostprocessing = 0;
		};
/* End PBXResourcesBuildPhase section */

/* Begin PBXSourcesBuildPhase section */
		260BB8EB1C4BCA36007AEAB1 /* Sources */ = {
			isa = PBXSourcesBuildPhase;
			buildActionMask = 2147483647;
			files = (
				260BB8F51C4BCA36007AEAB1 /* ViewController.swift in Sources */,
				260BB8F31C4BCA36007AEAB1 /* AppDelegate.swift in Sources */,
			);
			runOnlyForDeploymentPostprocessing = 0;
		};
		260BB8FF1C4BCA36007AEAB1 /* Sources */ = {
			isa = PBXSourcesBuildPhase;
			buildActionMask = 2147483647;
			files = (
				260BB9081C4BCA36007AEAB1 /* pixelxTests.swift in Sources */,
			);
			runOnlyForDeploymentPostprocessing = 0;
		};
		260BB90A1C4BCA36007AEAB1 /* Sources */ = {
			isa = PBXSourcesBuildPhase;
			buildActionMask = 2147483647;
			files = (
				260BB9131C4BCA36007AEAB1 /* pixelxUITests.swift in Sources */,
			);
			runOnlyForDeploymentPostprocessing = 0;
		};
/* End PBXSourcesBuildPhase section */

/* Begin PBXTargetDependency section */
		260BB9051C4BCA36007AEAB1 /* PBXTargetDependency */ = {
			isa = PBXTargetDependency;
			target = 260BB8EE1C4BCA36007AEAB1 /* pixelx */;
			targetProxy = 260BB9041C4BCA36007AEAB1 /* PBXContainerItemProxy */;
		};
		260BB9101C4BCA36007AEAB1 /* PBXTargetDependency */ = {
			isa = PBXTargetDependency;
			target = 260BB8EE1C4BCA36007AEAB1 /* pixelx */;
			targetProxy = 260BB90F1C4BCA36007AEAB1 /* PBXContainerItemProxy */;
		};
/* End PBXTargetDependency section */

/* Begin PBXVariantGroup section */
		260BB8F61C4BCA36007AEAB1 /* Main.storyboard */ = {
			isa = PBXVariantGroup;
			children = (
				260BB8F71C4BCA36007AEAB1 /* Base */,
			);
			name = Main.storyboard;
			sourceTree = "<group>";
		};
		260BB8FB1C4BCA36007AEAB1 /* LaunchScreen.storyboard */ = {
			isa = PBXVariantGroup;
			children = (
				260BB8FC1C4BCA36007AEAB1 /* Base */,
			);
			name = LaunchScreen.storyboard;
			sourceTree = "<group>";
		};
/* End PBXVariantGroup section */

/* Begin XCBuildConfiguration section */
		260BB9151C4BCA36007AEAB1 /* Debug */ = {
			isa = XCBuildConfiguration;
			buildSettings = {
				ALWAYS_SEARCH_USER_PATHS = NO;
				CLANG_CXX_LANGUAGE_STANDARD = "gnu++0x";
				CLANG_CXX_LIBRARY = "libc++";
				CLANG_ENABLE_MODULES = YES;
				CLANG_ENABLE_OBJC_ARC = YES;
				CLANG_WARN_BOOL_CONVERSION = YES;
				CLANG_WARN_CONSTANT_CONVERSION = YES;
				CLANG_WARN_DIRECT_OBJC_ISA_USAGE = YES_ERROR;
				CLANG_WARN_EMPTY_BODY = YES;
				CLANG_WARN_ENUM_CONVERSION = YES;
				CLANG_WARN_INT_CONVERSION = YES;
				CLANG_WARN_OBJC_ROOT_CLASS = YES_ERROR;
				CLANG_WARN_UNREACHABLE_CODE = YES;
				CLANG_WARN__DUPLICATE_METHOD_MATCH = YES;
				"CODE_SIGN_IDENTITY[sdk=iphoneos*]" = "iPhone Developer";
				COPY_PHASE_STRIP = NO;
				DEBUG_INFORMATION_FORMAT = dwarf;
				ENABLE_STRICT_OBJC_MSGSEND = YES;
				ENABLE_TESTABILITY = YES;
				GCC_C_LANGUAGE_STANDARD = gnu99;
				GCC_DYNAMIC_NO_PIC = NO;
				GCC_NO_COMMON_BLOCKS = YES;
				GCC_OPTIMIZATION_LEVEL = 0;
				GCC_PREPROCESSOR_DEFINITIONS = (
					"DEBUG=1",
					"$(inherited)",
				);
				GCC_WARN_64_TO_32_BIT_CONVERSION = YES;
				GCC_WARN_ABOUT_RETURN_TYPE = YES_ERROR;
				GCC_WARN_UNDECLARED_SELECTOR = YES;
				GCC_WARN_UNINITIALIZED_AUTOS = YES_AGGRESSIVE;
				GCC_WARN_UNUSED_FUNCTION = YES;
				GCC_WARN_UNUSED_VARIABLE = YES;
				IPHONEOS_DEPLOYMENT_TARGET = 9.1;
				MTL_ENABLE_DEBUG_INFO = YES;
				ONLY_ACTIVE_ARCH = YES;
				SDKROOT = iphoneos;
				SWIFT_OPTIMIZATION_LEVEL = "-Onone";
			};
			name = Debug;
		};
		260BB9161C4BCA36007AEAB1 /* Release */ = {
			isa = XCBuildConfiguration;
			buildSettings = {
				ALWAYS_SEARCH_USER_PATHS = NO;
				CLANG_CXX_LANGUAGE_STANDARD = "gnu++0x";
				CLANG_CXX_LIBRARY = "libc++";
				CLANG_ENABLE_MODULES = YES;
				CLANG_ENABLE_OBJC_ARC = YES;
				CLANG_WARN_BOOL_CONVERSION = YES;
				CLANG_WARN_CONSTANT_CONVERSION = YES;
				CLANG_WARN_DIRECT_OBJC_ISA_USAGE = YES_ERROR;
				CLANG_WARN_EMPTY_BODY = YES;
				CLANG_WARN_ENUM_CONVERSION = YES;
				CLANG_WARN_INT_CONVERSION = YES;
				CLANG_WARN_OBJC_ROOT_CLASS = YES_ERROR;
				CLANG_WARN_UNREACHABLE_CODE = YES;
				CLANG_WARN__DUPLICATE_METHOD_MATCH = YES;
				"CODE_SIGN_IDENTITY[sdk=iphoneos*]" = "iPhone Developer";
				COPY_PHASE_STRIP = NO;
				DEBUG_INFORMATION_FORMAT = "dwarf-with-dsym";
				ENABLE_NS_ASSERTIONS = NO;
				ENABLE_STRICT_OBJC_MSGSEND = YES;
				GCC_C_LANGUAGE_STANDARD = gnu99;
				GCC_NO_COMMON_BLOCKS = YES;
				GCC_WARN_64_TO_32_BIT_CONVERSION = YES;
				GCC_WARN_ABOUT_RETURN_TYPE = YES_ERROR;
				GCC_WARN_UNDECLARED_SELECTOR = YES;
				GCC_WARN_UNINITIALIZED_AUTOS = YES_AGGRESSIVE;
				GCC_WARN_UNUSED_FUNCTION = YES;
				GCC_WARN_UNUSED_VARIABLE = YES;
				IPHONEOS_DEPLOYMENT_TARGET = 9.1;
				MTL_ENABLE_DEBUG_INFO = NO;
				SDKROOT = iphoneos;
				VALIDATE_PRODUCT = YES;
			};
			name = Release;
		};
		260BB9181C4BCA36007AEAB1 /* Debug */ = {
			isa = XCBuildConfiguration;
			buildSettings = {
				ASSETCATALOG_COMPILER_APPICON_NAME = AppIcon;
				INFOPLIST_FILE = pixelx/Info.plist;
				LD_RUNPATH_SEARCH_PATHS = "$(inherited) @executable_path/Frameworks";
				PRODUCT_BUNDLE_IDENTIFIER = com.ryan.pixelx.pixelx;
				PRODUCT_NAME = "$(TARGET_NAME)";
			};
			name = Debug;
		};
		260BB9191C4BCA36007AEAB1 /* Release */ = {
			isa = XCBuildConfiguration;
			buildSettings = {
				ASSETCATALOG_COMPILER_APPICON_NAME = AppIcon;
				INFOPLIST_FILE = pixelx/Info.plist;
				LD_RUNPATH_SEARCH_PATHS = "$(inherited) @executable_path/Frameworks";
				PRODUCT_BUNDLE_IDENTIFIER = com.ryan.pixelx.pixelx;
				PRODUCT_NAME = "$(TARGET_NAME)";
			};
			name = Release;
		};
		260BB91B1C4BCA36007AEAB1 /* Debug */ = {
			isa = XCBuildConfiguration;
			buildSettings = {
				BUNDLE_LOADER = "$(TEST_HOST)";
				INFOPLIST_FILE = pixelxTests/Info.plist;
				LD_RUNPATH_SEARCH_PATHS = "$(inherited) @executable_path/Frameworks @loader_path/Frameworks";
				PRODUCT_BUNDLE_IDENTIFIER = com.ryan.pixelx.pixelxTests;
				PRODUCT_NAME = "$(TARGET_NAME)";
				TEST_HOST = "$(BUILT_PRODUCTS_DIR)/pixelx.app/pixelx";
			};
			name = Debug;
		};
		260BB91C1C4BCA36007AEAB1 /* Release */ = {
			isa = XCBuildConfiguration;
			buildSettings = {
				BUNDLE_LOADER = "$(TEST_HOST)";
				INFOPLIST_FILE = pixelxTests/Info.plist;
				LD_RUNPATH_SEARCH_PATHS = "$(inherited) @executable_path/Frameworks @loader_path/Frameworks";
				PRODUCT_BUNDLE_IDENTIFIER = com.ryan.pixelx.pixelxTests;
				PRODUCT_NAME = "$(TARGET_NAME)";
				TEST_HOST = "$(BUILT_PRODUCTS_DIR)/pixelx.app/pixelx";
			};
			name = Release;
		};
		260BB91E1C4BCA36007AEAB1 /* Debug */ = {
			isa = XCBuildConfiguration;
			buildSettings = {
				INFOPLIST_FILE = pixelxUITests/Info.plist;
				LD_RUNPATH_SEARCH_PATHS = "$(inherited) @executable_path/Frameworks @loader_path/Frameworks";
				PRODUCT_BUNDLE_IDENTIFIER = com.ryan.pixelx.pixelxUITests;
				PRODUCT_NAME = "$(TARGET_NAME)";
				TEST_TARGET_NAME = pixelx;
				USES_XCTRUNNER = YES;
			};
			name = Debug;
		};
		260BB91F1C4BCA36007AEAB1 /* Release */ = {
			isa = XCBuildConfiguration;
			buildSettings = {
				INFOPLIST_FILE = pixelxUITests/Info.plist;
				LD_RUNPATH_SEARCH_PATHS = "$(inherited) @executable_path/Frameworks @loader_path/Frameworks";
				PRODUCT_BUNDLE_IDENTIFIER = com.ryan.pixelx.pixelxUITests;
				PRODUCT_NAME = "$(TARGET_NAME)";
				TEST_TARGET_NAME = pixelx;
				USES_XCTRUNNER = YES;
			};
			name = Release;
		};
/* End XCBuildConfiguration section */

/* Begin XCConfigurationList section */
		260BB8EA1C4BCA36007AEAB1 /* Build configuration list for PBXProject "pixelx" */ = {
			isa = XCConfigurationList;
			buildConfigurations = (
				260BB9151C4BCA36007AEAB1 /* Debug */,
				260BB9161C4BCA36007AEAB1 /* Release */,
			);
			defaultConfigurationIsVisible = 0;
			defaultConfigurationName = Release;
		};
		260BB9171C4BCA36007AEAB1 /* Build configuration list for PBXNativeTarget "pixelx" */ = {
			isa = XCConfigurationList;
			buildConfigurations = (
				260BB9181C4BCA36007AEAB1 /* Debug */,
				260BB9191C4BCA36007AEAB1 /* Release */,
			);
			defaultConfigurationIsVisible = 0;
		};
		260BB91A1C4BCA36007AEAB1 /* Build configuration list for PBXNativeTarget "pixelxTests" */ = {
			isa = XCConfigurationList;
			buildConfigurations = (
				260BB91B1C4BCA36007AEAB1 /* Debug */,
				260BB91C1C4BCA36007AEAB1 /* Release */,
			);
			defaultConfigurationIsVisible = 0;
		};
		260BB91D1C4BCA36007AEAB1 /* Build configuration list for PBXNativeTarget "pixelxUITests" */ = {
			isa = XCConfigurationList;
			buildConfigurations = (
				260BB91E1C4BCA36007AEAB1 /* Debug */,
				260BB91F1C4BCA36007AEAB1 /* Release */,
			);
			defaultConfigurationIsVisible = 0;
		};
/* End XCConfigurationList section */
	};
	rootObject = 260BB8E71C4BCA36007AEAB1 /* Project object */;
}
